
Microsoft Visual Studio Solution File, Format Version 12.00
# Visual Studio Version 17
VisualStudioVersion = 17.5.33530.505
MinimumVisualStudioVersion = 10.0.40219.1
Project("{9A19103F-16F7-4668-BE54-9A1E7A4F7556}") = "StarWars.UI", "StarWars.UI\StarWars.UI.csproj", "{F08C6B5D-09E7-4B94-AA08-57AB85C1C2E8}"
	ProjectSection(ProjectDependencies) = postProject
		{2488654D-795B-4719-8C10-21D3EC693AF0} = {2488654D-795B-4719-8C10-21D3EC693AF0}
	EndProjectSection
EndProject
Project("{9A19103F-16F7-4668-BE54-9A1E7A4F7556}") = "StarWars.Core", "StarWars.Core\StarWars.Core.csproj", "{A1D0A938-1212-4361-BB55-8534A15A7FFD}"
EndProject
Project("{FAE04EC0-301F-11D3-BF4B-00C04F79EFBC}") = "StarWars.Api", "StarWars.Api\StarWars.Api.csproj", "{2488654D-795B-4719-8C10-21D3EC693AF0}"
	ProjectSection(ProjectDependencies) = postProject
		{A1D0A938-1212-4361-BB55-8534A15A7FFD} = {A1D0A938-1212-4361-BB55-8534A15A7FFD}
	EndProjectSection
EndProject
Global
	GlobalSection(SolutionConfigurationPlatforms) = preSolution
		Debug|Any CPU = Debug|Any CPU
		Release|Any CPU = Release|Any CPU
	EndGlobalSection
	GlobalSection(ProjectConfigurationPlatforms) = postSolution
		{F08C6B5D-09E7-4B94-AA08-57AB85C1C2E8}.Debug|Any CPU.ActiveCfg = Debug|Any CPU
		{F08C6B5D-09E7-4B94-AA08-57AB85C1C2E8}.Debug|Any CPU.Build.0 = Debug|Any CPU
		{F08C6B5D-09E7-4B94-AA08-57AB85C1C2E8}.Release|Any CPU.ActiveCfg = Release|Any CPU
		{F08C6B5D-09E7-4B94-AA08-57AB85C1C2E8}.Release|Any CPU.Build.0 = Release|Any CPU
		{A1D0A938-1212-4361-BB55-8534A15A7FFD}.Debug|Any CPU.ActiveCfg = Debug|Any CPU
		{A1D0A938-1212-4361-BB55-8534A15A7FFD}.Debug|Any CPU.Build.0 = Debug|Any CPU
		{A1D0A938-1212-4361-BB55-8534A15A7FFD}.Release|Any CPU.ActiveCfg = Release|Any CPU
		{A1D0A938-1212-4361-BB55-8534A15A7FFD}.Release|Any CPU.Build.0 = Release|Any CPU
		{2488654D-795B-4719-8C10-21D3EC693AF0}.Debug|Any CPU.ActiveCfg = Debug|Any CPU
		{2488654D-795B-4719-8C10-21D3EC693AF0}.Debug|Any CPU.Build.0 = Debug|Any CPU
		{2488654D-795B-4719-8C10-21D3EC693AF0}.Release|Any CPU.ActiveCfg = Release|Any CPU
		{2488654D-795B-4719-8C10-21D3EC693AF0}.Release|Any CPU.Build.0 = Release|Any CPU
	EndGlobalSection
	GlobalSection(SolutionProperties) = preSolution
		HideSolutionNode = FALSE
	EndGlobalSection
	GlobalSection(ExtensibilityGlobals) = postSolution
		SolutionGuid = {C55E8923-B31A-4326-8E47-5DA778E7A608}
	EndGlobalSection
EndGlobal
